
Microsoft Visual Studio Solution File, Format Version 12.00
# Visual Studio 15
VisualStudioVersion = 15.0.27703.2026
MinimumVisualStudioVersion = 10.0.40219.1
Project("{FAE04EC0-301F-11D3-BF4B-00C04F79EFBC}") = "ScoreBillard", "ScoreBillard\ScoreBillard.csproj", "{953003D0-BDD5-4020-821D-2C93AB318818}"
EndProject
Global
	GlobalSection(SolutionConfigurationPlatforms) = preSolution
		Debug|Any CPU = Debug|Any CPU
		Release|Any CPU = Release|Any CPU
	EndGlobalSection
	GlobalSection(ProjectConfigurationPlatforms) = postSolution
		{953003D0-BDD5-4020-821D-2C93AB318818}.Debug|Any CPU.ActiveCfg = Debug|Any CPU
		{953003D0-BDD5-4020-821D-2C93AB318818}.Debug|Any CPU.Build.0 = Debug|Any CPU
		{953003D0-BDD5-4020-821D-2C93AB318818}.Release|Any CPU.ActiveCfg = Release|Any CPU
		{953003D0-BDD5-4020-821D-2C93AB318818}.Release|Any CPU.Build.0 = Release|Any CPU
	EndGlobalSection
	GlobalSection(SolutionProperties) = preSolution
		HideSolutionNode = FALSE
	EndGlobalSection
	GlobalSection(ExtensibilityGlobals) = postSolution
		SolutionGuid = {5036EEEE-8F88-4C49-8D49-84D930DA4950}
	EndGlobalSection
EndGlobal
